{
    "name": "tinymce6",
    "version": "8.4.0",
    "lockfileVersion": 2,
    "requires": true,
    "packages": {
        "": {
            "name": "tinymce6",
            "version": "8.4.0",
            "license": "GPL-3.0",
            "dependencies": {
                "tinymce": "^6"
            }
        },
        "node_modules/tinymce": {
            "version": "6.5.0",
            "resolved": "https://registry.npmjs.org/tinymce/-/tinymce-6.5.0.tgz",
            "integrity": "sha512-I23hTUhbIyU/HCruy6wpIpOtr8UJhRJjRmJS9DCalN7UxT9iunkkbrcHa0FO9sG4GdMAOmVbZTHFBrgbDPYU6Q=="
        }
    },
    "dependencies": {
        "tinymce": {
            "version": "6.5.0",
            "resolved": "https://registry.npmjs.org/tinymce/-/tinymce-6.5.0.tgz",
            "integrity": "sha512-I23hTUhbIyU/HCruy6wpIpOtr8UJhRJjRmJS9DCalN7UxT9iunkkbrcHa0FO9sG4GdMAOmVbZTHFBrgbDPYU6Q=="
        }
    }
}
